
Microsoft Visual Studio Solution File, Format Version 12.00
# Visual Studio 15
VisualStudioVersion = 15.0.27703.2035
MinimumVisualStudioVersion = 10.0.40219.1
Project("{9A19103F-16F7-4668-BE54-9A1E7A4F7556}") = "moneyFood", "moneyFood\moneyFood.csproj", "{2C51CDCD-6C3D-4E53-9CD1-F333E5D28513}"
EndProject
Global
	GlobalSection(SolutionConfigurationPlatforms) = preSolution
		Debug|Any CPU = Debug|Any CPU
		Release|Any CPU = Release|Any CPU
	EndGlobalSection
	GlobalSection(ProjectConfigurationPlatforms) = postSolution
		{2C51CDCD-6C3D-4E53-9CD1-F333E5D28513}.Debug|Any CPU.ActiveCfg = Debug|Any CPU
		{2C51CDCD-6C3D-4E53-9CD1-F333E5D28513}.Debug|Any CPU.Build.0 = Debug|Any CPU
		{2C51CDCD-6C3D-4E53-9CD1-F333E5D28513}.Release|Any CPU.ActiveCfg = Release|Any CPU
		{2C51CDCD-6C3D-4E53-9CD1-F333E5D28513}.Release|Any CPU.Build.0 = Release|Any CPU
	EndGlobalSection
	GlobalSection(SolutionProperties) = preSolution
		HideSolutionNode = FALSE
	EndGlobalSection
	GlobalSection(ExtensibilityGlobals) = postSolution
		SolutionGuid = {D2D1A9E6-6392-4781-B3DF-39171B8E28F4}
	EndGlobalSection
EndGlobal
